{
  "nodes": {
    "disko": {
      "inputs": {
        "nixpkgs": [
          "nixpkgs"
        ]
      },
      "locked": {
        "lastModified": 1780048612,
        "narHash": "sha256-Md/eOK5OjmvvHc2H52pLZe4zpP4XyfiS5vHqfRCz2HU=",
        "owner": "nix-community",
        "repo": "disko",
        "rev": "caa775cf67bfdc47f940edd96c975b5016df9059",
        "type": "github"
      },
      "original": {
        "owner": "nix-community",
        "repo": "disko",
        "type": "github"
      }
    },
    "home-manager": {
      "inputs": {
        "nixpkgs": [
          "nixpkgs"
        ]
      },
      "locked": {
        "lastModified": 1779726825,
        "narHash": "sha256-RUkMrREjKDQrA+dA9+xZviGAxM5W1aVdyOr/bSYpHrE=",
        "owner": "nix-community",
        "repo": "home-manager",
        "rev": "b179bde238977f7d4454fc770b1a727eaf55111c",
        "type": "github"
      },
      "original": {
        "owner": "nix-community",
        "ref": "release-26.05",
        "repo": "home-manager",
        "type": "github"
      }
    },
    "nix-flatpak": {
      "locked": {
        "lastModified": 1780908363,
        "narHash": "sha256-llGS4y3Qh1eUkli3/Y2VY9FV3GOUKFZR1E2BDftt45Q=",
        "owner": "gmodena",
        "repo": "nix-flatpak",
        "rev": "1df08625f0f8c7d6e300a0e5df7955bbb877d809",
        "type": "github"
      },
      "original": {
        "owner": "gmodena",
        "repo": "nix-flatpak",
        "type": "github"
      }
    },
    "nixpkgs": {
      "locked": {
        "lastModified": 1779971959,
        "narHash": "sha256-R5nauXyqyfRUFiZycFFZdkF7wl6eaUpPLst35+2nJQY=",
        "owner": "nixos",
        "repo": "nixpkgs",
        "rev": "ec942ba042dad5ef097e2ef3a3effc034241f011",
        "type": "github"
      },
      "original": {
        "owner": "nixos",
        "ref": "nixos-26.05",
        "repo": "nixpkgs",
        "type": "github"
      }
    },
    "nixpkgs_2": {
      "locked": {
        "lastModified": 1751274312,
        "narHash": "sha256-/bVBlRpECLVzjV19t5KMdMFWSwKLtb5RyXdjz3LJT+g=",
        "owner": "NixOS",
        "repo": "nixpkgs",
        "rev": "50ab793786d9de88ee30ec4e4c24fb4236fc2674",
        "type": "github"
      },
      "original": {
        "owner": "NixOS",
        "ref": "nixos-24.11",
        "repo": "nixpkgs",
        "type": "github"
      }
    },
    "nixvirt": {
      "inputs": {
        "nixpkgs": "nixpkgs_2"
      },
      "locked": {
        "lastModified": 1774166436,
        "narHash": "sha256-Lr1R+tx8ZMiB+aBWyvCaeDaFGivhMMQEq9iGp4F43bI=",
        "owner": "AshleyYakeley",
        "repo": "NixVirt",
        "rev": "bf291972bec36018f39e61b0915940628ba9054c",
        "type": "github"
      },
      "original": {
        "owner": "AshleyYakeley",
        "repo": "NixVirt",
        "type": "github"
      }
    },
    "root": {
      "inputs": {
        "disko": "disko",
        "home-manager": "home-manager",
        "nix-flatpak": "nix-flatpak",
        "nixpkgs": "nixpkgs",
        "nixvirt": "nixvirt"
      }
    }
  },
  "root": "root",
  "version": 7
}
